
Microsoft Visual Studio Solution File, Format Version 12.00
# Visual Studio 15
VisualStudioVersion = 15.0.27130.2026
MinimumVisualStudioVersion = 10.0.40219.1
Project("{9A19103F-16F7-4668-BE54-9A1E7A4F7556}") = "AwesomeCMSCore", "AwesomeCMSCore\AwesomeCMSCore.csproj", "{75996395-D8CE-4437-B5ED-A99271CEED6E}"
EndProject
Project("{9A19103F-16F7-4668-BE54-9A1E7A4F7556}") = "AwesomeCMSCore.Infrastructure", "AwesomeCMSCore.Infrastructure\AwesomeCMSCore.Infrastructure.csproj", "{E50BE1E5-1A2E-445D-BF73-129932492A33}"
EndProject
Project("{2150E333-8FDC-42A3-9474-1A3956D46DE8}") = "Modules", "Modules", "{3071F932-215D-4EEE-8D7E-C0705716AAF0}"
EndProject
Project("{9A19103F-16F7-4668-BE54-9A1E7A4F7556}") = "AwesomeCMSCore.Modules.Repositories", "Modules\AwesomeCMSCore.Modules.Repositories\AwesomeCMSCore.Modules.Repositories.csproj", "{52ED94B2-AD1C-478A-A4BC-844F11EC4D80}"
EndProject
Project("{9A19103F-16F7-4668-BE54-9A1E7A4F7556}") = "AwesomeCMSCore.Modules.Entities", "Modules\AwesomeCMSCore.Modules.Entities\AwesomeCMSCore.Modules.Entities.csproj", "{24990FC6-BA1D-44B9-B99D-8ED3D87D4B05}"
EndProject
Project("{9A19103F-16F7-4668-BE54-9A1E7A4F7556}") = "AwesomeCMSCore.Modules.Client", "Modules\AwesomeCMSCore.Modules.Client\AwesomeCMSCore.Modules.Client.csproj", "{DFD53D91-B318-43CC-8B92-5B3F6C5CFAC1}"
EndProject
Project("{9A19103F-16F7-4668-BE54-9A1E7A4F7556}") = "AwesomeCMSCore.Modules.Console", "Modules\AwesomeCMSCore.Modules.Console\AwesomeCMSCore.Modules.Console.csproj", "{A2E6E24D-730A-49CB-A7AB-6105E119DF38}"
EndProject
Project("{9A19103F-16F7-4668-BE54-9A1E7A4F7556}") = "AwesomeCMSCore.Modules.Admin", "Modules\AwesomeCMSCore.Modules.Admin\AwesomeCMSCore.Modules.Admin.csproj", "{2CDBF214-DEE0-43DF-A3D7-F8EE1D438A39}"
EndProject
Project("{9A19103F-16F7-4668-BE54-9A1E7A4F7556}") = "AwesomeCMSCore.Modules.Frontend", "Modules\AwesomeCMSCore.Modules.Frontend\AwesomeCMSCore.Modules.Frontend.csproj", "{10A2C0B6-D080-411D-90D8-C5B5E4BD7E1B}"
EndProject
Global
	GlobalSection(SolutionConfigurationPlatforms) = preSolution
		Debug|Any CPU = Debug|Any CPU
		Release|Any CPU = Release|Any CPU
	EndGlobalSection
	GlobalSection(ProjectConfigurationPlatforms) = postSolution
		{75996395-D8CE-4437-B5ED-A99271CEED6E}.Debug|Any CPU.ActiveCfg = Debug|Any CPU
		{75996395-D8CE-4437-B5ED-A99271CEED6E}.Debug|Any CPU.Build.0 = Debug|Any CPU
		{75996395-D8CE-4437-B5ED-A99271CEED6E}.Release|Any CPU.ActiveCfg = Release|Any CPU
		{75996395-D8CE-4437-B5ED-A99271CEED6E}.Release|Any CPU.Build.0 = Release|Any CPU
		{E50BE1E5-1A2E-445D-BF73-129932492A33}.Debug|Any CPU.ActiveCfg = Debug|Any CPU
		{E50BE1E5-1A2E-445D-BF73-129932492A33}.Debug|Any CPU.Build.0 = Debug|Any CPU
		{E50BE1E5-1A2E-445D-BF73-129932492A33}.Release|Any CPU.ActiveCfg = Release|Any CPU
		{E50BE1E5-1A2E-445D-BF73-129932492A33}.Release|Any CPU.Build.0 = Release|Any CPU
		{52ED94B2-AD1C-478A-A4BC-844F11EC4D80}.Debug|Any CPU.ActiveCfg = Debug|Any CPU
		{52ED94B2-AD1C-478A-A4BC-844F11EC4D80}.Debug|Any CPU.Build.0 = Debug|Any CPU
		{52ED94B2-AD1C-478A-A4BC-844F11EC4D80}.Release|Any CPU.ActiveCfg = Release|Any CPU
		{52ED94B2-AD1C-478A-A4BC-844F11EC4D80}.Release|Any CPU.Build.0 = Release|Any CPU
		{24990FC6-BA1D-44B9-B99D-8ED3D87D4B05}.Debug|Any CPU.ActiveCfg = Debug|Any CPU
		{24990FC6-BA1D-44B9-B99D-8ED3D87D4B05}.Debug|Any CPU.Build.0 = Debug|Any CPU
		{24990FC6-BA1D-44B9-B99D-8ED3D87D4B05}.Release|Any CPU.ActiveCfg = Release|Any CPU
		{24990FC6-BA1D-44B9-B99D-8ED3D87D4B05}.Release|Any CPU.Build.0 = Release|Any CPU
		{DFD53D91-B318-43CC-8B92-5B3F6C5CFAC1}.Debug|Any CPU.ActiveCfg = Debug|Any CPU
		{DFD53D91-B318-43CC-8B92-5B3F6C5CFAC1}.Debug|Any CPU.Build.0 = Debug|Any CPU
		{DFD53D91-B318-43CC-8B92-5B3F6C5CFAC1}.Release|Any CPU.ActiveCfg = Release|Any CPU
		{DFD53D91-B318-43CC-8B92-5B3F6C5CFAC1}.Release|Any CPU.Build.0 = Release|Any CPU
		{A2E6E24D-730A-49CB-A7AB-6105E119DF38}.Debug|Any CPU.ActiveCfg = Debug|Any CPU
		{A2E6E24D-730A-49CB-A7AB-6105E119DF38}.Debug|Any CPU.Build.0 = Debug|Any CPU
		{A2E6E24D-730A-49CB-A7AB-6105E119DF38}.Release|Any CPU.ActiveCfg = Release|Any CPU
		{A2E6E24D-730A-49CB-A7AB-6105E119DF38}.Release|Any CPU.Build.0 = Release|Any CPU
		{2CDBF214-DEE0-43DF-A3D7-F8EE1D438A39}.Debug|Any CPU.ActiveCfg = Debug|Any CPU
		{2CDBF214-DEE0-43DF-A3D7-F8EE1D438A39}.Debug|Any CPU.Build.0 = Debug|Any CPU
		{2CDBF214-DEE0-43DF-A3D7-F8EE1D438A39}.Release|Any CPU.ActiveCfg = Release|Any CPU
		{2CDBF214-DEE0-43DF-A3D7-F8EE1D438A39}.Release|Any CPU.Build.0 = Release|Any CPU
		{10A2C0B6-D080-411D-90D8-C5B5E4BD7E1B}.Debug|Any CPU.ActiveCfg = Debug|Any CPU
		{10A2C0B6-D080-411D-90D8-C5B5E4BD7E1B}.Debug|Any CPU.Build.0 = Debug|Any CPU
		{10A2C0B6-D080-411D-90D8-C5B5E4BD7E1B}.Release|Any CPU.ActiveCfg = Release|Any CPU
		{10A2C0B6-D080-411D-90D8-C5B5E4BD7E1B}.Release|Any CPU.Build.0 = Release|Any CPU
	EndGlobalSection
	GlobalSection(SolutionProperties) = preSolution
		HideSolutionNode = FALSE
	EndGlobalSection
	GlobalSection(NestedProjects) = preSolution
		{52ED94B2-AD1C-478A-A4BC-844F11EC4D80} = {3071F932-215D-4EEE-8D7E-C0705716AAF0}
		{24990FC6-BA1D-44B9-B99D-8ED3D87D4B05} = {3071F932-215D-4EEE-8D7E-C0705716AAF0}
		{DFD53D91-B318-43CC-8B92-5B3F6C5CFAC1} = {3071F932-215D-4EEE-8D7E-C0705716AAF0}
		{A2E6E24D-730A-49CB-A7AB-6105E119DF38} = {3071F932-215D-4EEE-8D7E-C0705716AAF0}
		{2CDBF214-DEE0-43DF-A3D7-F8EE1D438A39} = {3071F932-215D-4EEE-8D7E-C0705716AAF0}
		{10A2C0B6-D080-411D-90D8-C5B5E4BD7E1B} = {3071F932-215D-4EEE-8D7E-C0705716AAF0}
	EndGlobalSection
	GlobalSection(ExtensibilityGlobals) = postSolution
		SolutionGuid = {14095F44-17CE-422B-9875-A9597D2BD3B0}
	EndGlobalSection
EndGlobal
