
Microsoft Visual Studio Solution File, Format Version 12.00
# Visual Studio 15
VisualStudioVersion = 15.0.27130.2026
MinimumVisualStudioVersion = 10.0.40219.1
Project("{9A19103F-16F7-4668-BE54-9A1E7A4F7556}") = "AwesomeCMSCore", "AwesomeCMSCore\AwesomeCMSCore.csproj", "{75996395-D8CE-4437-B5ED-A99271CEED6E}"
EndProject
Project("{9A19103F-16F7-4668-BE54-9A1E7A4F7556}") = "AwesomeCMSCore.Infrastructure", "AwesomeCMSCore.Infrastructure\AwesomeCMSCore.Infrastructure.csproj", "{E50BE1E5-1A2E-445D-BF73-129932492A33}"
EndProject
Project("{2150E333-8FDC-42A3-9474-1A3956D46DE8}") = "Modules", "Modules", "{3071F932-215D-4EEE-8D7E-C0705716AAF0}"
EndProject
Project("{2150E333-8FDC-42A3-9474-1A3956D46DE8}") = "AppModule", "AppModule", "{E7336353-0A8B-4D18-BD7D-0ADBA5A8A617}"
EndProject
Project("{9A19103F-16F7-4668-BE54-9A1E7A4F7556}") = "AwesomeCMSCore.Modules.Account", "Modules\AwesomeCMSCore.Modules.Account\AwesomeCMSCore.Modules.Account.csproj", "{278A64B2-84BB-494D-AB4F-05DC663A9DB2}"
EndProject
Project("{9A19103F-16F7-4668-BE54-9A1E7A4F7556}") = "AwesomeCMSCore.Modules.Email", "Modules\AwesomeCMSCore.Modules.Email\AwesomeCMSCore.Modules.Email.csproj", "{796250C7-7836-4907-931E-FAF17E4EAF48}"
EndProject
Project("{9A19103F-16F7-4668-BE54-9A1E7A4F7556}") = "AwesomeCMSCore.Modules.Entities", "Modules\AwesomeCMSCore.Modules.Entities\AwesomeCMSCore.Modules.Entities.csproj", "{8A4BA450-B848-489A-8D23-EA6018F6ABB3}"
EndProject
Project("{9A19103F-16F7-4668-BE54-9A1E7A4F7556}") = "AwesomeCMSCore.Modules.Helper", "Modules\AwesomeCMSCore.Modules.Helper\AwesomeCMSCore.Modules.Helper.csproj", "{FD4DEE52-EAAF-4D63-B97A-EABCAC82AD89}"
EndProject
Project("{9A19103F-16F7-4668-BE54-9A1E7A4F7556}") = "AwesomeCMSCore.Modules.Mapper", "Modules\AwesomeCMSCore.Modules.Mapper\AwesomeCMSCore.Modules.Mapper.csproj", "{50B36C91-040D-4A68-8481-5346B2917670}"
EndProject
Project("{9A19103F-16F7-4668-BE54-9A1E7A4F7556}") = "AwesomeCMSCore.Modules.BackgroundProcess", "Modules\AwesomeCMSCore.Modules.BackgroundProcess\AwesomeCMSCore.Modules.BackgroundProcess.csproj", "{63AE0BC3-61C4-4FEE-8A57-14386347A19F}"
EndProject
Project("{9A19103F-16F7-4668-BE54-9A1E7A4F7556}") = "AwesomeCMSCore.Modules.Repositories", "Modules\AwesomeCMSCore.Modules.Repositories\AwesomeCMSCore.Modules.Repositories.csproj", "{FF3827CF-2B31-46F6-9D54-F51C2262A837}"
EndProject
Project("{9A19103F-16F7-4668-BE54-9A1E7A4F7556}") = "AwesomeCMSCore.Modules.WebJob", "Modules\AwesomeCMSCore.Modules.WebJob\AwesomeCMSCore.Modules.WebJob.csproj", "{807A19DE-F47E-4ACE-BDFC-D54EBB6F3060}"
EndProject
Project("{9A19103F-16F7-4668-BE54-9A1E7A4F7556}") = "AwesomeCMSCore.Modules.Admin", "Modules\AwesomeCMSCore.Modules.Admin\AwesomeCMSCore.Modules.Admin.csproj", "{C7C4AC31-EEE0-4D5F-B2AB-03F41F96DBB9}"
EndProject
Project("{9A19103F-16F7-4668-BE54-9A1E7A4F7556}") = "AwesomeCMSCore.Modules.Client", "Modules\AwesomeCMSCore.Modules.Client\AwesomeCMSCore.Modules.Client.csproj", "{7C938504-EB4E-4EA1-9596-FE6647A256B8}"
EndProject
Project("{FAE04EC0-301F-11D3-BF4B-00C04F79EFBC}") = "AwesomeCMSCore.Modules.BackgroundJob", "Modules\AwesomeCMSCore.Modules.BackgroundJob\AwesomeCMSCore.Modules.BackgroundJob.csproj", "{AF7A0855-3C09-4E5B-B3DC-5591E79DD05B}"
EndProject
Global
	GlobalSection(SolutionConfigurationPlatforms) = preSolution
		Debug|Any CPU = Debug|Any CPU
		Release|Any CPU = Release|Any CPU
	EndGlobalSection
	GlobalSection(ProjectConfigurationPlatforms) = postSolution
		{75996395-D8CE-4437-B5ED-A99271CEED6E}.Debug|Any CPU.ActiveCfg = Debug|Any CPU
		{75996395-D8CE-4437-B5ED-A99271CEED6E}.Debug|Any CPU.Build.0 = Debug|Any CPU
		{75996395-D8CE-4437-B5ED-A99271CEED6E}.Release|Any CPU.ActiveCfg = Release|Any CPU
		{75996395-D8CE-4437-B5ED-A99271CEED6E}.Release|Any CPU.Build.0 = Release|Any CPU
		{E50BE1E5-1A2E-445D-BF73-129932492A33}.Debug|Any CPU.ActiveCfg = Debug|Any CPU
		{E50BE1E5-1A2E-445D-BF73-129932492A33}.Debug|Any CPU.Build.0 = Debug|Any CPU
		{E50BE1E5-1A2E-445D-BF73-129932492A33}.Release|Any CPU.ActiveCfg = Release|Any CPU
		{E50BE1E5-1A2E-445D-BF73-129932492A33}.Release|Any CPU.Build.0 = Release|Any CPU
		{278A64B2-84BB-494D-AB4F-05DC663A9DB2}.Debug|Any CPU.ActiveCfg = Debug|Any CPU
		{278A64B2-84BB-494D-AB4F-05DC663A9DB2}.Debug|Any CPU.Build.0 = Debug|Any CPU
		{278A64B2-84BB-494D-AB4F-05DC663A9DB2}.Release|Any CPU.ActiveCfg = Release|Any CPU
		{278A64B2-84BB-494D-AB4F-05DC663A9DB2}.Release|Any CPU.Build.0 = Release|Any CPU
		{796250C7-7836-4907-931E-FAF17E4EAF48}.Debug|Any CPU.ActiveCfg = Debug|Any CPU
		{796250C7-7836-4907-931E-FAF17E4EAF48}.Debug|Any CPU.Build.0 = Debug|Any CPU
		{796250C7-7836-4907-931E-FAF17E4EAF48}.Release|Any CPU.ActiveCfg = Release|Any CPU
		{796250C7-7836-4907-931E-FAF17E4EAF48}.Release|Any CPU.Build.0 = Release|Any CPU
		{8A4BA450-B848-489A-8D23-EA6018F6ABB3}.Debug|Any CPU.ActiveCfg = Debug|Any CPU
		{8A4BA450-B848-489A-8D23-EA6018F6ABB3}.Debug|Any CPU.Build.0 = Debug|Any CPU
		{8A4BA450-B848-489A-8D23-EA6018F6ABB3}.Release|Any CPU.ActiveCfg = Release|Any CPU
		{8A4BA450-B848-489A-8D23-EA6018F6ABB3}.Release|Any CPU.Build.0 = Release|Any CPU
		{FD4DEE52-EAAF-4D63-B97A-EABCAC82AD89}.Debug|Any CPU.ActiveCfg = Debug|Any CPU
		{FD4DEE52-EAAF-4D63-B97A-EABCAC82AD89}.Debug|Any CPU.Build.0 = Debug|Any CPU
		{FD4DEE52-EAAF-4D63-B97A-EABCAC82AD89}.Release|Any CPU.ActiveCfg = Release|Any CPU
		{FD4DEE52-EAAF-4D63-B97A-EABCAC82AD89}.Release|Any CPU.Build.0 = Release|Any CPU
		{50B36C91-040D-4A68-8481-5346B2917670}.Debug|Any CPU.ActiveCfg = Debug|Any CPU
		{50B36C91-040D-4A68-8481-5346B2917670}.Debug|Any CPU.Build.0 = Debug|Any CPU
		{50B36C91-040D-4A68-8481-5346B2917670}.Release|Any CPU.ActiveCfg = Release|Any CPU
		{50B36C91-040D-4A68-8481-5346B2917670}.Release|Any CPU.Build.0 = Release|Any CPU
		{63AE0BC3-61C4-4FEE-8A57-14386347A19F}.Debug|Any CPU.ActiveCfg = Debug|Any CPU
		{63AE0BC3-61C4-4FEE-8A57-14386347A19F}.Debug|Any CPU.Build.0 = Debug|Any CPU
		{63AE0BC3-61C4-4FEE-8A57-14386347A19F}.Release|Any CPU.ActiveCfg = Release|Any CPU
		{63AE0BC3-61C4-4FEE-8A57-14386347A19F}.Release|Any CPU.Build.0 = Release|Any CPU
		{FF3827CF-2B31-46F6-9D54-F51C2262A837}.Debug|Any CPU.ActiveCfg = Debug|Any CPU
		{FF3827CF-2B31-46F6-9D54-F51C2262A837}.Debug|Any CPU.Build.0 = Debug|Any CPU
		{FF3827CF-2B31-46F6-9D54-F51C2262A837}.Release|Any CPU.ActiveCfg = Release|Any CPU
		{FF3827CF-2B31-46F6-9D54-F51C2262A837}.Release|Any CPU.Build.0 = Release|Any CPU
		{807A19DE-F47E-4ACE-BDFC-D54EBB6F3060}.Debug|Any CPU.ActiveCfg = Debug|Any CPU
		{807A19DE-F47E-4ACE-BDFC-D54EBB6F3060}.Debug|Any CPU.Build.0 = Debug|Any CPU
		{807A19DE-F47E-4ACE-BDFC-D54EBB6F3060}.Release|Any CPU.ActiveCfg = Release|Any CPU
		{807A19DE-F47E-4ACE-BDFC-D54EBB6F3060}.Release|Any CPU.Build.0 = Release|Any CPU
		{C7C4AC31-EEE0-4D5F-B2AB-03F41F96DBB9}.Debug|Any CPU.ActiveCfg = Debug|Any CPU
		{C7C4AC31-EEE0-4D5F-B2AB-03F41F96DBB9}.Debug|Any CPU.Build.0 = Debug|Any CPU
		{C7C4AC31-EEE0-4D5F-B2AB-03F41F96DBB9}.Release|Any CPU.ActiveCfg = Release|Any CPU
		{C7C4AC31-EEE0-4D5F-B2AB-03F41F96DBB9}.Release|Any CPU.Build.0 = Release|Any CPU
		{7C938504-EB4E-4EA1-9596-FE6647A256B8}.Debug|Any CPU.ActiveCfg = Debug|Any CPU
		{7C938504-EB4E-4EA1-9596-FE6647A256B8}.Debug|Any CPU.Build.0 = Debug|Any CPU
		{7C938504-EB4E-4EA1-9596-FE6647A256B8}.Release|Any CPU.ActiveCfg = Release|Any CPU
		{7C938504-EB4E-4EA1-9596-FE6647A256B8}.Release|Any CPU.Build.0 = Release|Any CPU
		{AF7A0855-3C09-4E5B-B3DC-5591E79DD05B}.Debug|Any CPU.ActiveCfg = Debug|Any CPU
		{AF7A0855-3C09-4E5B-B3DC-5591E79DD05B}.Debug|Any CPU.Build.0 = Debug|Any CPU
		{AF7A0855-3C09-4E5B-B3DC-5591E79DD05B}.Release|Any CPU.ActiveCfg = Release|Any CPU
		{AF7A0855-3C09-4E5B-B3DC-5591E79DD05B}.Release|Any CPU.Build.0 = Release|Any CPU
	EndGlobalSection
	GlobalSection(SolutionProperties) = preSolution
		HideSolutionNode = FALSE
	EndGlobalSection
	GlobalSection(NestedProjects) = preSolution
		{E7336353-0A8B-4D18-BD7D-0ADBA5A8A617} = {3071F932-215D-4EEE-8D7E-C0705716AAF0}
		{278A64B2-84BB-494D-AB4F-05DC663A9DB2} = {E7336353-0A8B-4D18-BD7D-0ADBA5A8A617}
		{796250C7-7836-4907-931E-FAF17E4EAF48} = {E7336353-0A8B-4D18-BD7D-0ADBA5A8A617}
		{8A4BA450-B848-489A-8D23-EA6018F6ABB3} = {E7336353-0A8B-4D18-BD7D-0ADBA5A8A617}
		{FD4DEE52-EAAF-4D63-B97A-EABCAC82AD89} = {E7336353-0A8B-4D18-BD7D-0ADBA5A8A617}
		{50B36C91-040D-4A68-8481-5346B2917670} = {E7336353-0A8B-4D18-BD7D-0ADBA5A8A617}
		{63AE0BC3-61C4-4FEE-8A57-14386347A19F} = {E7336353-0A8B-4D18-BD7D-0ADBA5A8A617}
		{FF3827CF-2B31-46F6-9D54-F51C2262A837} = {E7336353-0A8B-4D18-BD7D-0ADBA5A8A617}
		{807A19DE-F47E-4ACE-BDFC-D54EBB6F3060} = {E7336353-0A8B-4D18-BD7D-0ADBA5A8A617}
		{C7C4AC31-EEE0-4D5F-B2AB-03F41F96DBB9} = {3071F932-215D-4EEE-8D7E-C0705716AAF0}
		{7C938504-EB4E-4EA1-9596-FE6647A256B8} = {3071F932-215D-4EEE-8D7E-C0705716AAF0}
		{AF7A0855-3C09-4E5B-B3DC-5591E79DD05B} = {E7336353-0A8B-4D18-BD7D-0ADBA5A8A617}
	EndGlobalSection
	GlobalSection(ExtensibilityGlobals) = postSolution
		SolutionGuid = {14095F44-17CE-422B-9875-A9597D2BD3B0}
	EndGlobalSection
EndGlobal
