
Microsoft Visual Studio Solution File, Format Version 12.00
# Visual Studio 2013
VisualStudioVersion = 12.0.31101.0
MinimumVisualStudioVersion = 10.0.40219.1
Project("{FAE04EC0-301F-11D3-BF4B-00C04F79EFBC}") = "SimpleMassTransitRabbitMQHelloWorld.Messages", "SimpleMassTransitRabbitMQHelloWorld.Messages\SimpleMassTransitRabbitMQHelloWorld.Messages.csproj", "{F12FA501-5F8F-4DE5-A1D9-2F883E0E2078}"
EndProject
Project("{FAE04EC0-301F-11D3-BF4B-00C04F79EFBC}") = "SimpleMassTransitRabbitMQHelloWorld.Worker", "SimpleMassTransitRabbitMQHelloWorld.Worker\SimpleMassTransitRabbitMQHelloWorld.Worker.csproj", "{DD41D351-FC53-4098-96A7-6162FF481CEC}"
EndProject
Project("{FAE04EC0-301F-11D3-BF4B-00C04F79EFBC}") = "SimpleMassTransitRabbitMQHelloWorld.Sender", "SimpleMassTransitRabbitMQHelloWorld.Sender\SimpleMassTransitRabbitMQHelloWorld.Sender.csproj", "{BD144338-DA9D-496D-8CD3-62FF5C11D80F}"
EndProject
Global
	GlobalSection(SolutionConfigurationPlatforms) = preSolution
		Debug|Any CPU = Debug|Any CPU
		Release|Any CPU = Release|Any CPU
	EndGlobalSection
	GlobalSection(ProjectConfigurationPlatforms) = postSolution
		{F12FA501-5F8F-4DE5-A1D9-2F883E0E2078}.Debug|Any CPU.ActiveCfg = Debug|Any CPU
		{F12FA501-5F8F-4DE5-A1D9-2F883E0E2078}.Debug|Any CPU.Build.0 = Debug|Any CPU
		{F12FA501-5F8F-4DE5-A1D9-2F883E0E2078}.Release|Any CPU.ActiveCfg = Release|Any CPU
		{F12FA501-5F8F-4DE5-A1D9-2F883E0E2078}.Release|Any CPU.Build.0 = Release|Any CPU
		{DD41D351-FC53-4098-96A7-6162FF481CEC}.Debug|Any CPU.ActiveCfg = Debug|Any CPU
		{DD41D351-FC53-4098-96A7-6162FF481CEC}.Debug|Any CPU.Build.0 = Debug|Any CPU
		{DD41D351-FC53-4098-96A7-6162FF481CEC}.Release|Any CPU.ActiveCfg = Release|Any CPU
		{DD41D351-FC53-4098-96A7-6162FF481CEC}.Release|Any CPU.Build.0 = Release|Any CPU
		{BD144338-DA9D-496D-8CD3-62FF5C11D80F}.Debug|Any CPU.ActiveCfg = Debug|Any CPU
		{BD144338-DA9D-496D-8CD3-62FF5C11D80F}.Debug|Any CPU.Build.0 = Debug|Any CPU
		{BD144338-DA9D-496D-8CD3-62FF5C11D80F}.Release|Any CPU.ActiveCfg = Release|Any CPU
		{BD144338-DA9D-496D-8CD3-62FF5C11D80F}.Release|Any CPU.Build.0 = Release|Any CPU
	EndGlobalSection
	GlobalSection(SolutionProperties) = preSolution
		HideSolutionNode = FALSE
	EndGlobalSection
EndGlobal
